// !$*UTF8*$!
{
	archiveVersion = 1;
	classes = {
	};
	objectVersion = 56;
	objects = {

/* Begin PBXBuildFile section */
		645D3677293150D30062DA78 /* RendererWrapper.cpp in Sources */ = {isa = PBXBuildFile; fileRef = 645D3675293150D30062DA78 /* RendererWrapper.cpp */; };
		6480A44B292F09F000C6F19C /* BlueLeafRendererApp.swift in Sources */ = {isa = PBXBuildFile; fileRef = 6480A44A292F09F000C6F19C /* BlueLeafRendererApp.swift */; };
		6480A44D292F09F000C6F19C /* ContentView.swift in Sources */ = {isa = PBXBuildFile; fileRef = 6480A44C292F09F000C6F19C /* ContentView.swift */; };
		6480A44F292F09F200C6F19C /* Assets.xcassets in Resources */ = {isa = PBXBuildFile; fileRef = 6480A44E292F09F200C6F19C /* Assets.xcassets */; };
		6480A452292F09F200C6F19C /* Preview Assets.xcassets in Resources */ = {isa = PBXBuildFile; fileRef = 6480A451292F09F200C6F19C /* Preview Assets.xcassets */; };
		6480A45C292F1A8E00C6F19C /* ImageFactory.swift in Sources */ = {isa = PBXBuildFile; fileRef = 6480A45B292F1A8E00C6F19C /* ImageFactory.swift */; };
		6480A477292F2D9200C6F19C /* Renderer.cpp in Sources */ = {isa = PBXBuildFile; fileRef = 6480A475292F2D9200C6F19C /* Renderer.cpp */; };
		6485FDE2293B060C00A17EB9 /* Sphere.cpp in Sources */ = {isa = PBXBuildFile; fileRef = 6485FDE0293B060C00A17EB9 /* Sphere.cpp */; };
		64907CC6292FF52000A1C486 /* Vector3.cpp in Sources */ = {isa = PBXBuildFile; fileRef = 64907CC4292FF52000A1C486 /* Vector3.cpp */; };
		64907CCC292FF7EB00A1C486 /* Color.cpp in Sources */ = {isa = PBXBuildFile; fileRef = 64907CCA292FF7EB00A1C486 /* Color.cpp */; };
		64907CD2292FFF9F00A1C486 /* Ray.cpp in Sources */ = {isa = PBXBuildFile; fileRef = 64907CD0292FFF9F00A1C486 /* Ray.cpp */; };
		64907CDE2930420700A1C486 /* Scene.cpp in Sources */ = {isa = PBXBuildFile; fileRef = 64907CDC2930420700A1C486 /* Scene.cpp */; };
		64907CE1293073C500A1C486 /* Camera.cpp in Sources */ = {isa = PBXBuildFile; fileRef = 64907CDF293073C500A1C486 /* Camera.cpp */; };
		64B144F12931976800265549 /* Renderer.swift in Sources */ = {isa = PBXBuildFile; fileRef = 64B144F02931976800265549 /* Renderer.swift */; };
		64BD3527293299A3004FC9ED /* Object.cpp in Sources */ = {isa = PBXBuildFile; fileRef = 64BD3525293299A3004FC9ED /* Object.cpp */; };
		64BD352A2932A366004FC9ED /* Material.cpp in Sources */ = {isa = PBXBuildFile; fileRef = 64BD35282932A366004FC9ED /* Material.cpp */; };
		64BD352C29355839004FC9ED /* RendererView.swift in Sources */ = {isa = PBXBuildFile; fileRef = 64BD352B29355839004FC9ED /* RendererView.swift */; };
		64BD352F2936BAAC004FC9ED /* AABB.cpp in Sources */ = {isa = PBXBuildFile; fileRef = 64BD352D2936BAAC004FC9ED /* AABB.cpp */; };
		64BD353229370F6E004FC9ED /* BVH.cpp in Sources */ = {isa = PBXBuildFile; fileRef = 64BD353029370F6E004FC9ED /* BVH.cpp */; };
/* End PBXBuildFile section */

/* Begin PBXFileReference section */
		645D3675293150D30062DA78 /* RendererWrapper.cpp */ = {isa = PBXFileReference; lastKnownFileType = sourcecode.cpp.cpp; path = RendererWrapper.cpp; sourceTree = "<group>"; };
		645D3676293150D30062DA78 /* RendererWrapper.h */ = {isa = PBXFileReference; lastKnownFileType = sourcecode.c.h; path = RendererWrapper.h; sourceTree = "<group>"; };
		6480A447292F09F000C6F19C /* BlueLeafRenderer.app */ = {isa = PBXFileReference; explicitFileType = wrapper.application; includeInIndex = 0; path = BlueLeafRenderer.app; sourceTree = BUILT_PRODUCTS_DIR; };
		6480A44A292F09F000C6F19C /* BlueLeafRendererApp.swift */ = {isa = PBXFileReference; lastKnownFileType = sourcecode.swift; path = BlueLeafRendererApp.swift; sourceTree = "<group>"; };
		6480A44C292F09F000C6F19C /* ContentView.swift */ = {isa = PBXFileReference; lastKnownFileType = sourcecode.swift; path = ContentView.swift; sourceTree = "<group>"; };
		6480A44E292F09F200C6F19C /* Assets.xcassets */ = {isa = PBXFileReference; lastKnownFileType = folder.assetcatalog; path = Assets.xcassets; sourceTree = "<group>"; };
		6480A451292F09F200C6F19C /* Preview Assets.xcassets */ = {isa = PBXFileReference; lastKnownFileType = folder.assetcatalog; path = "Preview Assets.xcassets"; sourceTree = "<group>"; };
		6480A453292F09F200C6F19C /* BlueLeafRenderer.entitlements */ = {isa = PBXFileReference; lastKnownFileType = text.plist.entitlements; path = BlueLeafRenderer.entitlements; sourceTree = "<group>"; };
		6480A45B292F1A8E00C6F19C /* ImageFactory.swift */ = {isa = PBXFileReference; lastKnownFileType = sourcecode.swift; path = ImageFactory.swift; sourceTree = "<group>"; };
		6480A474292F2D9100C6F19C /* BlueLeafRenderer-Bridging-Header.h */ = {isa = PBXFileReference; lastKnownFileType = sourcecode.c.h; path = "BlueLeafRenderer-Bridging-Header.h"; sourceTree = "<group>"; };
		6480A475292F2D9200C6F19C /* Renderer.cpp */ = {isa = PBXFileReference; lastKnownFileType = sourcecode.cpp.cpp; path = Renderer.cpp; sourceTree = "<group>"; };
		6480A476292F2D9200C6F19C /* Renderer.hpp */ = {isa = PBXFileReference; lastKnownFileType = sourcecode.cpp.h; path = Renderer.hpp; sourceTree = "<group>"; };
		6485FDE0293B060C00A17EB9 /* Sphere.cpp */ = {isa = PBXFileReference; lastKnownFileType = sourcecode.cpp.cpp; path = Sphere.cpp; sourceTree = "<group>"; };
		6485FDE1293B060C00A17EB9 /* Sphere.hpp */ = {isa = PBXFileReference; lastKnownFileType = sourcecode.cpp.h; path = Sphere.hpp; sourceTree = "<group>"; };
		64907CC4292FF52000A1C486 /* Vector3.cpp */ = {isa = PBXFileReference; lastKnownFileType = sourcecode.cpp.cpp; path = Vector3.cpp; sourceTree = "<group>"; };
		64907CC5292FF52000A1C486 /* Vector3.hpp */ = {isa = PBXFileReference; lastKnownFileType = sourcecode.cpp.h; path = Vector3.hpp; sourceTree = "<group>"; };
		64907CCA292FF7EB00A1C486 /* Color.cpp */ = {isa = PBXFileReference; lastKnownFileType = sourcecode.cpp.cpp; path = Color.cpp; sourceTree = "<group>"; };
		64907CCB292FF7EB00A1C486 /* Color.hpp */ = {isa = PBXFileReference; lastKnownFileType = sourcecode.cpp.h; path = Color.hpp; sourceTree = "<group>"; };
		64907CD0292FFF9F00A1C486 /* Ray.cpp */ = {isa = PBXFileReference; lastKnownFileType = sourcecode.cpp.cpp; path = Ray.cpp; sourceTree = "<group>"; };
		64907CD1292FFF9F00A1C486 /* Ray.hpp */ = {isa = PBXFileReference; lastKnownFileType = sourcecode.cpp.h; path = Ray.hpp; sourceTree = "<group>"; };
		64907CD4293001B900A1C486 /* LinearAlgebra.hpp */ = {isa = PBXFileReference; lastKnownFileType = sourcecode.cpp.h; path = LinearAlgebra.hpp; sourceTree = "<group>"; };
		64907CDC2930420700A1C486 /* Scene.cpp */ = {isa = PBXFileReference; lastKnownFileType = sourcecode.cpp.cpp; path = Scene.cpp; sourceTree = "<group>"; };
		64907CDD2930420700A1C486 /* Scene.hpp */ = {isa = PBXFileReference; lastKnownFileType = sourcecode.cpp.h; path = Scene.hpp; sourceTree = "<group>"; };
		64907CDF293073C500A1C486 /* Camera.cpp */ = {isa = PBXFileReference; lastKnownFileType = sourcecode.cpp.cpp; path = Camera.cpp; sourceTree = "<group>"; };
		64907CE0293073C500A1C486 /* Camera.hpp */ = {isa = PBXFileReference; lastKnownFileType = sourcecode.cpp.h; path = Camera.hpp; sourceTree = "<group>"; };
		64907CE22930785000A1C486 /* Utility.hpp */ = {isa = PBXFileReference; lastKnownFileType = sourcecode.cpp.h; path = Utility.hpp; sourceTree = "<group>"; };
		64B144F02931976800265549 /* Renderer.swift */ = {isa = PBXFileReference; lastKnownFileType = sourcecode.swift; path = Renderer.swift; sourceTree = "<group>"; };
		64BD3525293299A3004FC9ED /* Object.cpp */ = {isa = PBXFileReference; lastKnownFileType = sourcecode.cpp.cpp; path = Object.cpp; sourceTree = "<group>"; };
		64BD3526293299A3004FC9ED /* Object.hpp */ = {isa = PBXFileReference; lastKnownFileType = sourcecode.cpp.h; path = Object.hpp; sourceTree = "<group>"; };
		64BD35282932A366004FC9ED /* Material.cpp */ = {isa = PBXFileReference; lastKnownFileType = sourcecode.cpp.cpp; path = Material.cpp; sourceTree = "<group>"; };
		64BD35292932A366004FC9ED /* Material.hpp */ = {isa = PBXFileReference; lastKnownFileType = sourcecode.cpp.h; path = Material.hpp; sourceTree = "<group>"; };
		64BD352B29355839004FC9ED /* RendererView.swift */ = {isa = PBXFileReference; lastKnownFileType = sourcecode.swift; path = RendererView.swift; sourceTree = "<group>"; };
		64BD352D2936BAAC004FC9ED /* AABB.cpp */ = {isa = PBXFileReference; lastKnownFileType = sourcecode.cpp.cpp; path = AABB.cpp; sourceTree = "<group>"; };
		64BD352E2936BAAC004FC9ED /* AABB.hpp */ = {isa = PBXFileReference; lastKnownFileType = sourcecode.cpp.h; path = AABB.hpp; sourceTree = "<group>"; };
		64BD353029370F6E004FC9ED /* BVH.cpp */ = {isa = PBXFileReference; lastKnownFileType = sourcecode.cpp.cpp; path = BVH.cpp; sourceTree = "<group>"; };
		64BD353129370F6E004FC9ED /* BVH.hpp */ = {isa = PBXFileReference; lastKnownFileType = sourcecode.cpp.h; path = BVH.hpp; sourceTree = "<group>"; };
/* End PBXFileReference section */

/* Begin PBXFrameworksBuildPhase section */
		6480A444292F09F000C6F19C /* Frameworks */ = {
			isa = PBXFrameworksBuildPhase;
			buildActionMask = 2147483647;
			files = (
			);
			runOnlyForDeploymentPostprocessing = 0;
		};
/* End PBXFrameworksBuildPhase section */

/* Begin PBXGroup section */
		6480A43E292F09F000C6F19C = {
			isa = PBXGroup;
			children = (
				6480A449292F09F000C6F19C /* BlueLeafRenderer */,
				6480A448292F09F000C6F19C /* Products */,
			);
			sourceTree = "<group>";
		};
		6480A448292F09F000C6F19C /* Products */ = {
			isa = PBXGroup;
			children = (
				6480A447292F09F000C6F19C /* BlueLeafRenderer.app */,
			);
			name = Products;
			sourceTree = "<group>";
		};
		6480A449292F09F000C6F19C /* BlueLeafRenderer */ = {
			isa = PBXGroup;
			children = (
				6480A45D292F1E5E00C6F19C /* Renderer */,
				6480A44A292F09F000C6F19C /* BlueLeafRendererApp.swift */,
				6480A45B292F1A8E00C6F19C /* ImageFactory.swift */,
				64B144F02931976800265549 /* Renderer.swift */,
				64BD352B29355839004FC9ED /* RendererView.swift */,
				6480A44C292F09F000C6F19C /* ContentView.swift */,
				6480A44E292F09F200C6F19C /* Assets.xcassets */,
				6480A453292F09F200C6F19C /* BlueLeafRenderer.entitlements */,
				6480A450292F09F200C6F19C /* Preview Content */,
			);
			path = BlueLeafRenderer;
			sourceTree = "<group>";
		};
		6480A450292F09F200C6F19C /* Preview Content */ = {
			isa = PBXGroup;
			children = (
				6480A451292F09F200C6F19C /* Preview Assets.xcassets */,
			);
			path = "Preview Content";
			sourceTree = "<group>";
		};
		6480A45D292F1E5E00C6F19C /* Renderer */ = {
			isa = PBXGroup;
			children = (
				6480A474292F2D9100C6F19C /* BlueLeafRenderer-Bridging-Header.h */,
				64907CD4293001B900A1C486 /* LinearAlgebra.hpp */,
				64907CE22930785000A1C486 /* Utility.hpp */,
				6480A475292F2D9200C6F19C /* Renderer.cpp */,
				6480A476292F2D9200C6F19C /* Renderer.hpp */,
				645D3675293150D30062DA78 /* RendererWrapper.cpp */,
				645D3676293150D30062DA78 /* RendererWrapper.h */,
				64907CC4292FF52000A1C486 /* Vector3.cpp */,
				64907CC5292FF52000A1C486 /* Vector3.hpp */,
				64907CCA292FF7EB00A1C486 /* Color.cpp */,
				64907CCB292FF7EB00A1C486 /* Color.hpp */,
				64907CD0292FFF9F00A1C486 /* Ray.cpp */,
				64907CD1292FFF9F00A1C486 /* Ray.hpp */,
				64907CDC2930420700A1C486 /* Scene.cpp */,
				64907CDD2930420700A1C486 /* Scene.hpp */,
				64907CDF293073C500A1C486 /* Camera.cpp */,
				64907CE0293073C500A1C486 /* Camera.hpp */,
				64BD3525293299A3004FC9ED /* Object.cpp */,
				64BD3526293299A3004FC9ED /* Object.hpp */,
				6485FDE0293B060C00A17EB9 /* Sphere.cpp */,
				6485FDE1293B060C00A17EB9 /* Sphere.hpp */,
				64BD35282932A366004FC9ED /* Material.cpp */,
				64BD35292932A366004FC9ED /* Material.hpp */,
				64BD352D2936BAAC004FC9ED /* AABB.cpp */,
				64BD352E2936BAAC004FC9ED /* AABB.hpp */,
				64BD353029370F6E004FC9ED /* BVH.cpp */,
				64BD353129370F6E004FC9ED /* BVH.hpp */,
			);
			path = Renderer;
			sourceTree = "<group>";
		};
/* End PBXGroup section */

/* Begin PBXNativeTarget section */
		6480A446292F09F000C6F19C /* BlueLeafRenderer */ = {
			isa = PBXNativeTarget;
			buildConfigurationList = 6480A456292F09F200C6F19C /* Build configuration list for PBXNativeTarget "BlueLeafRenderer" */;
			buildPhases = (
				6480A443292F09F000C6F19C /* Sources */,
				6480A444292F09F000C6F19C /* Frameworks */,
				6480A445292F09F000C6F19C /* Resources */,
			);
			buildRules = (
			);
			dependencies = (
			);
			name = BlueLeafRenderer;
			productName = BlueLeafRenderer;
			productReference = 6480A447292F09F000C6F19C /* BlueLeafRenderer.app */;
			productType = "com.apple.product-type.application";
		};
/* End PBXNativeTarget section */

/* Begin PBXProject section */
		6480A43F292F09F000C6F19C /* Project object */ = {
			isa = PBXProject;
			attributes = {
				BuildIndependentTargetsInParallel = 1;
				LastSwiftUpdateCheck = 1410;
				LastUpgradeCheck = 1410;
				TargetAttributes = {
					6480A446292F09F000C6F19C = {
						CreatedOnToolsVersion = 14.1;
						LastSwiftMigration = 1410;
					};
				};
			};
			buildConfigurationList = 6480A442292F09F000C6F19C /* Build configuration list for PBXProject "BlueLeafRenderer" */;
			compatibilityVersion = "Xcode 14.0";
			developmentRegion = en;
			hasScannedForEncodings = 0;
			knownRegions = (
				en,
				Base,
			);
			mainGroup = 6480A43E292F09F000C6F19C;
			productRefGroup = 6480A448292F09F000C6F19C /* Products */;
			projectDirPath = "";
			projectRoot = "";
			targets = (
				6480A446292F09F000C6F19C /* BlueLeafRenderer */,
			);
		};
/* End PBXProject section */

/* Begin PBXResourcesBuildPhase section */
		6480A445292F09F000C6F19C /* Resources */ = {
			isa = PBXResourcesBuildPhase;
			buildActionMask = 2147483647;
			files = (
				6480A452292F09F200C6F19C /* Preview Assets.xcassets in Resources */,
				6480A44F292F09F200C6F19C /* Assets.xcassets in Resources */,
			);
			runOnlyForDeploymentPostprocessing = 0;
		};
/* End PBXResourcesBuildPhase section */

/* Begin PBXSourcesBuildPhase section */
		6480A443292F09F000C6F19C /* Sources */ = {
			isa = PBXSourcesBuildPhase;
			buildActionMask = 2147483647;
			files = (
				64907CD2292FFF9F00A1C486 /* Ray.cpp in Sources */,
				64BD352C29355839004FC9ED /* RendererView.swift in Sources */,
				64BD352A2932A366004FC9ED /* Material.cpp in Sources */,
				6480A477292F2D9200C6F19C /* Renderer.cpp in Sources */,
				64907CCC292FF7EB00A1C486 /* Color.cpp in Sources */,
				6480A44D292F09F000C6F19C /* ContentView.swift in Sources */,
				64BD3527293299A3004FC9ED /* Object.cpp in Sources */,
				6485FDE2293B060C00A17EB9 /* Sphere.cpp in Sources */,
				64B144F12931976800265549 /* Renderer.swift in Sources */,
				64BD353229370F6E004FC9ED /* BVH.cpp in Sources */,
				645D3677293150D30062DA78 /* RendererWrapper.cpp in Sources */,
				64BD352F2936BAAC004FC9ED /* AABB.cpp in Sources */,
				64907CE1293073C500A1C486 /* Camera.cpp in Sources */,
				6480A44B292F09F000C6F19C /* BlueLeafRendererApp.swift in Sources */,
				6480A45C292F1A8E00C6F19C /* ImageFactory.swift in Sources */,
				64907CDE2930420700A1C486 /* Scene.cpp in Sources */,
				64907CC6292FF52000A1C486 /* Vector3.cpp in Sources */,
			);
			runOnlyForDeploymentPostprocessing = 0;
		};
/* End PBXSourcesBuildPhase section */

/* Begin XCBuildConfiguration section */
		6480A454292F09F200C6F19C /* Debug */ = {
			isa = XCBuildConfiguration;
			buildSettings = {
				ALWAYS_SEARCH_USER_PATHS = NO;
				CLANG_ANALYZER_NONNULL = YES;
				CLANG_ANALYZER_NUMBER_OBJECT_CONVERSION = YES_AGGRESSIVE;
				CLANG_CXX_LANGUAGE_STANDARD = "gnu++20";
				CLANG_ENABLE_MODULES = YES;
				CLANG_ENABLE_OBJC_ARC = YES;
				CLANG_ENABLE_OBJC_WEAK = YES;
				CLANG_WARN_BLOCK_CAPTURE_AUTORELEASING = YES;
				CLANG_WARN_BOOL_CONVERSION = YES;
				CLANG_WARN_COMMA = YES;
				CLANG_WARN_CONSTANT_CONVERSION = YES;
				CLANG_WARN_DEPRECATED_OBJC_IMPLEMENTATIONS = YES;
				CLANG_WARN_DIRECT_OBJC_ISA_USAGE = YES_ERROR;
				CLANG_WARN_DOCUMENTATION_COMMENTS = YES;
				CLANG_WARN_EMPTY_BODY = YES;
				CLANG_WARN_ENUM_CONVERSION = YES;
				CLANG_WARN_INFINITE_RECURSION = YES;
				CLANG_WARN_INT_CONVERSION = YES;
				CLANG_WARN_NON_LITERAL_NULL_CONVERSION = YES;
				CLANG_WARN_OBJC_IMPLICIT_RETAIN_SELF = YES;
				CLANG_WARN_OBJC_LITERAL_CONVERSION = YES;
				CLANG_WARN_OBJC_ROOT_CLASS = YES_ERROR;
				CLANG_WARN_QUOTED_INCLUDE_IN_FRAMEWORK_HEADER = YES;
				CLANG_WARN_RANGE_LOOP_ANALYSIS = YES;
				CLANG_WARN_STRICT_PROTOTYPES = YES;
				CLANG_WARN_SUSPICIOUS_MOVE = YES;
				CLANG_WARN_UNGUARDED_AVAILABILITY = YES_AGGRESSIVE;
				CLANG_WARN_UNREACHABLE_CODE = YES;
				CLANG_WARN__DUPLICATE_METHOD_MATCH = YES;
				COPY_PHASE_STRIP = NO;
				DEBUG_INFORMATION_FORMAT = dwarf;
				ENABLE_STRICT_OBJC_MSGSEND = YES;
				ENABLE_TESTABILITY = YES;
				GCC_C_LANGUAGE_STANDARD = gnu11;
				GCC_DYNAMIC_NO_PIC = NO;
				GCC_NO_COMMON_BLOCKS = YES;
				GCC_OPTIMIZATION_LEVEL = 0;
				GCC_PREPROCESSOR_DEFINITIONS = (
					"DEBUG=1",
					"$(inherited)",
				);
				GCC_WARN_64_TO_32_BIT_CONVERSION = YES;
				GCC_WARN_ABOUT_RETURN_TYPE = YES_ERROR;
				GCC_WARN_UNDECLARED_SELECTOR = YES;
				GCC_WARN_UNINITIALIZED_AUTOS = YES_AGGRESSIVE;
				GCC_WARN_UNUSED_FUNCTION = YES;
				GCC_WARN_UNUSED_VARIABLE = YES;
				MACOSX_DEPLOYMENT_TARGET = 13.0;
				MTL_ENABLE_DEBUG_INFO = INCLUDE_SOURCE;
				MTL_FAST_MATH = YES;
				ONLY_ACTIVE_ARCH = YES;
				SDKROOT = macosx;
				SWIFT_ACTIVE_COMPILATION_CONDITIONS = DEBUG;
				SWIFT_OPTIMIZATION_LEVEL = "-Onone";
			};
			name = Debug;
		};
		6480A455292F09F200C6F19C /* Release */ = {
			isa = XCBuildConfiguration;
			buildSettings = {
				ALWAYS_SEARCH_USER_PATHS = NO;
				CLANG_ANALYZER_NONNULL = YES;
				CLANG_ANALYZER_NUMBER_OBJECT_CONVERSION = YES_AGGRESSIVE;
				CLANG_CXX_LANGUAGE_STANDARD = "gnu++20";
				CLANG_ENABLE_MODULES = YES;
				CLANG_ENABLE_OBJC_ARC = YES;
				CLANG_ENABLE_OBJC_WEAK = YES;
				CLANG_WARN_BLOCK_CAPTURE_AUTORELEASING = YES;
				CLANG_WARN_BOOL_CONVERSION = YES;
				CLANG_WARN_COMMA = YES;
				CLANG_WARN_CONSTANT_CONVERSION = YES;
				CLANG_WARN_DEPRECATED_OBJC_IMPLEMENTATIONS = YES;
				CLANG_WARN_DIRECT_OBJC_ISA_USAGE = YES_ERROR;
				CLANG_WARN_DOCUMENTATION_COMMENTS = YES;
				CLANG_WARN_EMPTY_BODY = YES;
				CLANG_WARN_ENUM_CONVERSION = YES;
				CLANG_WARN_INFINITE_RECURSION = YES;
				CLANG_WARN_INT_CONVERSION = YES;
				CLANG_WARN_NON_LITERAL_NULL_CONVERSION = YES;
				CLANG_WARN_OBJC_IMPLICIT_RETAIN_SELF = YES;
				CLANG_WARN_OBJC_LITERAL_CONVERSION = YES;
				CLANG_WARN_OBJC_ROOT_CLASS = YES_ERROR;
				CLANG_WARN_QUOTED_INCLUDE_IN_FRAMEWORK_HEADER = YES;
				CLANG_WARN_RANGE_LOOP_ANALYSIS = YES;
				CLANG_WARN_STRICT_PROTOTYPES = YES;
				CLANG_WARN_SUSPICIOUS_MOVE = YES;
				CLANG_WARN_UNGUARDED_AVAILABILITY = YES_AGGRESSIVE;
				CLANG_WARN_UNREACHABLE_CODE = YES;
				CLANG_WARN__DUPLICATE_METHOD_MATCH = YES;
				COPY_PHASE_STRIP = NO;
				DEBUG_INFORMATION_FORMAT = "dwarf-with-dsym";
				ENABLE_NS_ASSERTIONS = NO;
				ENABLE_STRICT_OBJC_MSGSEND = YES;
				GCC_C_LANGUAGE_STANDARD = gnu11;
				GCC_NO_COMMON_BLOCKS = YES;
				GCC_WARN_64_TO_32_BIT_CONVERSION = YES;
				GCC_WARN_ABOUT_RETURN_TYPE = YES_ERROR;
				GCC_WARN_UNDECLARED_SELECTOR = YES;
				GCC_WARN_UNINITIALIZED_AUTOS = YES_AGGRESSIVE;
				GCC_WARN_UNUSED_FUNCTION = YES;
				GCC_WARN_UNUSED_VARIABLE = YES;
				MACOSX_DEPLOYMENT_TARGET = 13.0;
				MTL_ENABLE_DEBUG_INFO = NO;
				MTL_FAST_MATH = YES;
				SDKROOT = macosx;
				SWIFT_COMPILATION_MODE = wholemodule;
				SWIFT_OPTIMIZATION_LEVEL = "-O";
			};
			name = Release;
		};
		6480A457292F09F200C6F19C /* Debug */ = {
			isa = XCBuildConfiguration;
			buildSettings = {
				ASSETCATALOG_COMPILER_APPICON_NAME = AppIcon;
				ASSETCATALOG_COMPILER_GLOBAL_ACCENT_COLOR_NAME = AccentColor;
				CLANG_CXX_LANGUAGE_STANDARD = "gnu++20";
				CLANG_ENABLE_MODULES = YES;
				CODE_SIGN_ENTITLEMENTS = BlueLeafRenderer/BlueLeafRenderer.entitlements;
				CODE_SIGN_STYLE = Automatic;
				COMBINE_HIDPI_IMAGES = YES;
				CURRENT_PROJECT_VERSION = 1;
				DEVELOPMENT_ASSET_PATHS = "\"BlueLeafRenderer/Preview Content\"";
				DEVELOPMENT_TEAM = 5XCZQ7C9J7;
				ENABLE_HARDENED_RUNTIME = YES;
				ENABLE_PREVIEWS = YES;
				GENERATE_INFOPLIST_FILE = YES;
				INFOPLIST_KEY_NSHumanReadableCopyright = "";
				LD_RUNPATH_SEARCH_PATHS = (
					"$(inherited)",
					"@executable_path/../Frameworks",
				);
				MARKETING_VERSION = 1.0;
				PRODUCT_BUNDLE_IDENTIFIER = com.sahilsrivastava.BlueLeafRenderer;
				PRODUCT_NAME = "$(TARGET_NAME)";
				SWIFT_EMIT_LOC_STRINGS = YES;
				SWIFT_OBJC_BRIDGING_HEADER = "BlueLeafRenderer/Renderer/BlueLeafRenderer-Bridging-Header.h";
				SWIFT_OPTIMIZATION_LEVEL = "-Onone";
				SWIFT_VERSION = 5.0;
			};
			name = Debug;
		};
		6480A458292F09F200C6F19C /* Release */ = {
			isa = XCBuildConfiguration;
			buildSettings = {
				ASSETCATALOG_COMPILER_APPICON_NAME = AppIcon;
				ASSETCATALOG_COMPILER_GLOBAL_ACCENT_COLOR_NAME = AccentColor;
				CLANG_CXX_LANGUAGE_STANDARD = "gnu++20";
				CLANG_ENABLE_MODULES = YES;
				CODE_SIGN_ENTITLEMENTS = BlueLeafRenderer/BlueLeafRenderer.entitlements;
				CODE_SIGN_STYLE = Automatic;
				COMBINE_HIDPI_IMAGES = YES;
				CURRENT_PROJECT_VERSION = 1;
				DEVELOPMENT_ASSET_PATHS = "\"BlueLeafRenderer/Preview Content\"";
				DEVELOPMENT_TEAM = 5XCZQ7C9J7;
				ENABLE_HARDENED_RUNTIME = YES;
				ENABLE_PREVIEWS = YES;
				GCC_OPTIMIZATION_LEVEL = 2;
				GENERATE_INFOPLIST_FILE = YES;
				INFOPLIST_KEY_NSHumanReadableCopyright = "";
				LD_RUNPATH_SEARCH_PATHS = (
					"$(inherited)",
					"@executable_path/../Frameworks",
				);
				MARKETING_VERSION = 1.0;
				PRODUCT_BUNDLE_IDENTIFIER = com.sahilsrivastava.BlueLeafRenderer;
				PRODUCT_NAME = "$(TARGET_NAME)";
				SWIFT_EMIT_LOC_STRINGS = YES;
				SWIFT_OBJC_BRIDGING_HEADER = "BlueLeafRenderer/Renderer/BlueLeafRenderer-Bridging-Header.h";
				SWIFT_VERSION = 5.0;
			};
			name = Release;
		};
/* End XCBuildConfiguration section */

/* Begin XCConfigurationList section */
		6480A442292F09F000C6F19C /* Build configuration list for PBXProject "BlueLeafRenderer" */ = {
			isa = XCConfigurationList;
			buildConfigurations = (
				6480A454292F09F200C6F19C /* Debug */,
				6480A455292F09F200C6F19C /* Release */,
			);
			defaultConfigurationIsVisible = 0;
			defaultConfigurationName = Release;
		};
		6480A456292F09F200C6F19C /* Build configuration list for PBXNativeTarget "BlueLeafRenderer" */ = {
			isa = XCConfigurationList;
			buildConfigurations = (
				6480A457292F09F200C6F19C /* Debug */,
				6480A458292F09F200C6F19C /* Release */,
			);
			defaultConfigurationIsVisible = 0;
			defaultConfigurationName = Release;
		};
/* End XCConfigurationList section */
	};
	rootObject = 6480A43F292F09F000C6F19C /* Project object */;
}
